
Microsoft Visual Studio Solution File, Format Version 12.00
# Visual Studio Version 17
VisualStudioVersion = 17.0.31903.59
MinimumVisualStudioVersion = 10.0.40219.1
Project("{9A19103F-16F7-4668-BE54-9A1E7A4F7556}") = "DocNoc.Xam", "DocNoc.Xam\DocNoc.Xam\DocNoc.Xam.csproj", "{7F8D9A9F-A4EF-4EA1-B258-AACC678E7A84}"
EndProject
Global
	GlobalSection(SolutionConfigurationPlatforms) = preSolution
		Debug|Any CPU = Debug|Any CPU
		Release|Any CPU = Release|Any CPU
	EndGlobalSection
	GlobalSection(ProjectConfigurationPlatforms) = postSolution
		{7F8D9A9F-A4EF-4EA1-B258-AACC678E7A84}.Debug|Any CPU.ActiveCfg = Debug|Any CPU
		{7F8D9A9F-A4EF-4EA1-B258-AACC678E7A84}.Debug|Any CPU.Build.0 = Debug|Any CPU
		{7F8D9A9F-A4EF-4EA1-B258-AACC678E7A84}.Release|Any CPU.ActiveCfg = Release|Any CPU
		{7F8D9A9F-A4EF-4EA1-B258-AACC678E7A84}.Release|Any CPU.Build.0 = Release|Any CPU
	EndGlobalSection
	GlobalSection(SolutionProperties) = preSolution
		HideSolutionNode = FALSE
	EndGlobalSection
	GlobalSection(ExtensibilityGlobals) = postSolution
		SolutionGuid = {FABF01E9-4DF7-4FDA-913C-A52601EAFCA0}
	EndGlobalSection
EndGlobal

Global
	GlobalSection(SolutionConfigurationPlatforms) = preSolution
		Debug|Any CPU = Debug|Any CPU
		Debug|ARM = Debug|ARM
		Debug|iPhone = Debug|iPhone
		Debug|iPhoneSimulator = Debug|iPhoneSimulator
		Debug|x64 = Debug|x64
		Debug|x86 = Debug|x86
		Release|Any CPU = Release|Any CPU
		Release|ARM = Release|ARM
		Release|iPhone = Release|iPhone
		Release|iPhoneSimulator = Release|iPhoneSimulator
		Release|x64 = Release|x64
		Release|x86 = Release|x86
	EndGlobalSection
	GlobalSection(ProjectConfigurationPlatforms) = postSolution
		{EB7512AC-8314-4584-9B74-1482821652B5}.Debug|Any CPU.ActiveCfg = Debug|x86
		{EB7512AC-8314-4584-9B74-1482821652B5}.Debug|Any CPU.Build.0 = Debug|x86
		{EB7512AC-8314-4584-9B74-1482821652B5}.Debug|Any CPU.Deploy.0 = Debug|x86
		{EB7512AC-8314-4584-9B74-1482821652B5}.Debug|ARM.ActiveCfg = Debug|ARM
		{EB7512AC-8314-4584-9B74-1482821652B5}.Debug|ARM.Build.0 = Debug|ARM
		{EB7512AC-8314-4584-9B74-1482821652B5}.Debug|ARM.Deploy.0 = Debug|ARM
		{EB7512AC-8314-4584-9B74-1482821652B5}.Debug|iPhone.ActiveCfg = Debug|x86
		{EB7512AC-8314-4584-9B74-1482821652B5}.Debug|iPhone.Build.0 = Debug|x86
		{EB7512AC-8314-4584-9B74-1482821652B5}.Debug|iPhone.Deploy.0 = Debug|x86
		{EB7512AC-8314-4584-9B74-1482821652B5}.Debug|iPhoneSimulator.ActiveCfg = Debug|x86
		{EB7512AC-8314-4584-9B74-1482821652B5}.Debug|iPhoneSimulator.Build.0 = Debug|x86
		{EB7512AC-8314-4584-9B74-1482821652B5}.Debug|iPhoneSimulator.Deploy.0 = Debug|x86
		{EB7512AC-8314-4584-9B74-1482821652B5}.Debug|x64.ActiveCfg = Debug|x64
		{EB7512AC-8314-4584-9B74-1482821652B5}.Debug|x64.Build.0 = Debug|x64
		{EB7512AC-8314-4584-9B74-1482821652B5}.Debug|x64.Deploy.0 = Debug|x64
		{EB7512AC-8314-4584-9B74-1482821652B5}.Debug|x86.ActiveCfg = Debug|x86
		{EB7512AC-8314-4584-9B74-1482821652B5}.Debug|x86.Build.0 = Debug|x86
		{EB7512AC-8314-4584-9B74-1482821652B5}.Debug|x86.Deploy.0 = Debug|x86
		{EB7512AC-8314-4584-9B74-1482821652B5}.Release|Any CPU.ActiveCfg = Release|x86
		{EB7512AC-8314-4584-9B74-1482821652B5}.Release|Any CPU.Build.0 = Release|x86
		{EB7512AC-8314-4584-9B74-1482821652B5}.Release|Any CPU.Deploy.0 = Release|x86
		{EB7512AC-8314-4584-9B74-1482821652B5}.Release|ARM.ActiveCfg = Release|ARM
		{EB7512AC-8314-4584-9B74-1482821652B5}.Release|ARM.Build.0 = Release|ARM
		{EB7512AC-8314-4584-9B74-1482821652B5}.Release|ARM.Deploy.0 = Release|ARM
		{EB7512AC-8314-4584-9B74-1482821652B5}.Release|iPhone.ActiveCfg = Release|x86
		{EB7512AC-8314-4584-9B74-1482821652B5}.Release|iPhone.Build.0 = Release|x86
		{EB7512AC-8314-4584-9B74-1482821652B5}.Release|iPhone.Deploy.0 = Release|x86
		{EB7512AC-8314-4584-9B74-1482821652B5}.Release|iPhoneSimulator.ActiveCfg = Release|x86
		{EB7512AC-8314-4584-9B74-1482821652B5}.Release|iPhoneSimulator.Build.0 = Release|x86
		{EB7512AC-8314-4584-9B74-1482821652B5}.Release|iPhoneSimulator.Deploy.0 = Release|x86
		{EB7512AC-8314-4584-9B74-1482821652B5}.Release|x64.ActiveCfg = Release|x64
		{EB7512AC-8314-4584-9B74-1482821652B5}.Release|x64.Build.0 = Release|x64
		{EB7512AC-8314-4584-9B74-1482821652B5}.Release|x64.Deploy.0 = Release|x64
		{EB7512AC-8314-4584-9B74-1482821652B5}.Release|x86.ActiveCfg = Release|x86
		{EB7512AC-8314-4584-9B74-1482821652B5}.Release|x86.Build.0 = Release|x86
		{EB7512AC-8314-4584-9B74-1482821652B5}.Release|x86.Deploy.0 = Release|x86
		{7AD81FCB-914C-4BAA-B27B-B55BC869CC58}.Debug|Any CPU.ActiveCfg = Debug|Any CPU
		{7AD81FCB-914C-4BAA-B27B-B55BC869CC58}.Debug|Any CPU.Build.0 = Debug|Any CPU
		{7AD81FCB-914C-4BAA-B27B-B55BC869CC58}.Debug|Any CPU.Deploy.0 = Debug|Any CPU
		{7AD81FCB-914C-4BAA-B27B-B55BC869CC58}.Debug|ARM.ActiveCfg = Debug|Any CPU
		{7AD81FCB-914C-4BAA-B27B-B55BC869CC58}.Debug|ARM.Build.0 = Debug|Any CPU
		{7AD81FCB-914C-4BAA-B27B-B55BC869CC58}.Debug|ARM.Deploy.0 = Debug|Any CPU
		{7AD81FCB-914C-4BAA-B27B-B55BC869CC58}.Debug|iPhone.ActiveCfg = Debug|Any CPU
		{7AD81FCB-914C-4BAA-B27B-B55BC869CC58}.Debug|iPhone.Build.0 = Debug|Any CPU
		{7AD81FCB-914C-4BAA-B27B-B55BC869CC58}.Debug|iPhone.Deploy.0 = Debug|Any CPU
		{7AD81FCB-914C-4BAA-B27B-B55BC869CC58}.Debug|iPhoneSimulator.ActiveCfg = Debug|Any CPU
		{7AD81FCB-914C-4BAA-B27B-B55BC869CC58}.Debug|iPhoneSimulator.Build.0 = Debug|Any CPU
		{7AD81FCB-914C-4BAA-B27B-B55BC869CC58}.Debug|iPhoneSimulator.Deploy.0 = Debug|Any CPU
		{7AD81FCB-914C-4BAA-B27B-B55BC869CC58}.Debug|x64.ActiveCfg = Debug|Any CPU
		{7AD81FCB-914C-4BAA-B27B-B55BC869CC58}.Debug|x64.Build.0 = Debug|Any CPU
		{7AD81FCB-914C-4BAA-B27B-B55BC869CC58}.Debug|x64.Deploy.0 = Debug|Any CPU
		{7AD81FCB-914C-4BAA-B27B-B55BC869CC58}.Debug|x86.ActiveCfg = Debug|Any CPU
		{7AD81FCB-914C-4BAA-B27B-B55BC869CC58}.Debug|x86.Build.0 = Debug|Any CPU
		{7AD81FCB-914C-4BAA-B27B-B55BC869CC58}.Debug|x86.Deploy.0 = Debug|Any CPU
		{7AD81FCB-914C-4BAA-B27B-B55BC869CC58}.Release|Any CPU.ActiveCfg = Release|Any CPU
		{7AD81FCB-914C-4BAA-B27B-B55BC869CC58}.Release|Any CPU.Build.0 = Release|Any CPU
		{7AD81FCB-914C-4BAA-B27B-B55BC869CC58}.Release|Any CPU.Deploy.0 = Release|Any CPU
		{7AD81FCB-914C-4BAA-B27B-B55BC869CC58}.Release|ARM.ActiveCfg = Release|Any CPU
		{7AD81FCB-914C-4BAA-B27B-B55BC869CC58}.Release|ARM.Build.0 = Release|Any CPU
		{7AD81FCB-914C-4BAA-B27B-B55BC869CC58}.Release|ARM.Deploy.0 = Release|Any CPU
		{7AD81FCB-914C-4BAA-B27B-B55BC869CC58}.Release|iPhone.ActiveCfg = Release|Any CPU
		{7AD81FCB-914C-4BAA-B27B-B55BC869CC58}.Release|iPhone.Build.0 = Release|Any CPU
		{7AD81FCB-914C-4BAA-B27B-B55BC869CC58}.Release|iPhone.Deploy.0 = Release|Any CPU
		{7AD81FCB-914C-4BAA-B27B-B55BC869CC58}.Release|iPhoneSimulator.ActiveCfg = Release|Any CPU
		{7AD81FCB-914C-4BAA-B27B-B55BC869CC58}.Release|iPhoneSimulator.Build.0 = Release|Any CPU
		{7AD81FCB-914C-4BAA-B27B-B55BC869CC58}.Release|iPhoneSimulator.Deploy.0 = Release|Any CPU
		{7AD81FCB-914C-4BAA-B27B-B55BC869CC58}.Release|x64.ActiveCfg = Release|Any CPU
		{7AD81FCB-914C-4BAA-B27B-B55BC869CC58}.Release|x64.Build.0 = Release|Any CPU
		{7AD81FCB-914C-4BAA-B27B-B55BC869CC58}.Release|x64.Deploy.0 = Release|Any CPU
		{7AD81FCB-914C-4BAA-B27B-B55BC869CC58}.Release|x86.ActiveCfg = Release|Any CPU
		{7AD81FCB-914C-4BAA-B27B-B55BC869CC58}.Release|x86.Build.0 = Release|Any CPU
		{7AD81FCB-914C-4BAA-B27B-B55BC869CC58}.Release|x86.Deploy.0 = Release|Any CPU
		{C7663CBE-5D93-415A-823C-AFCA8A94DB3C}.Debug|Any CPU.ActiveCfg = Debug|iPhone
		{C7663CBE-5D93-415A-823C-AFCA8A94DB3C}.Debug|Any CPU.Build.0 = Debug|iPhone
		{C7663CBE-5D93-415A-823C-AFCA8A94DB3C}.Debug|Any CPU.Deploy.0 = Debug|iPhone
		{C7663CBE-5D93-415A-823C-AFCA8A94DB3C}.Debug|ARM.ActiveCfg = Debug|iPhoneSimulator
		{C7663CBE-5D93-415A-823C-AFCA8A94DB3C}.Debug|ARM.Build.0 = Debug|iPhoneSimulator
		{C7663CBE-5D93-415A-823C-AFCA8A94DB3C}.Debug|ARM.Deploy.0 = Debug|iPhoneSimulator
		{C7663CBE-5D93-415A-823C-AFCA8A94DB3C}.Debug|iPhone.ActiveCfg = Debug|iPhone
		{C7663CBE-5D93-415A-823C-AFCA8A94DB3C}.Debug|iPhone.Build.0 = Debug|iPhone
		{C7663CBE-5D93-415A-823C-AFCA8A94DB3C}.Debug|iPhone.Deploy.0 = Debug|iPhone
		{C7663CBE-5D93-415A-823C-AFCA8A94DB3C}.Debug|iPhoneSimulator.ActiveCfg = Debug|iPhoneSimulator
		{C7663CBE-5D93-415A-823C-AFCA8A94DB3C}.Debug|iPhoneSimulator.Build.0 = Debug|iPhoneSimulator
		{C7663CBE-5D93-415A-823C-AFCA8A94DB3C}.Debug|iPhoneSimulator.Deploy.0 = Debug|iPhoneSimulator
		{C7663CBE-5D93-415A-823C-AFCA8A94DB3C}.Debug|x64.ActiveCfg = Debug|iPhone
		{C7663CBE-5D93-415A-823C-AFCA8A94DB3C}.Debug|x64.Build.0 = Debug|iPhone
		{C7663CBE-5D93-415A-823C-AFCA8A94DB3C}.Debug|x64.Deploy.0 = Debug|iPhone
		{C7663CBE-5D93-415A-823C-AFCA8A94DB3C}.Debug|x86.ActiveCfg = Debug|iPhone
		{C7663CBE-5D93-415A-823C-AFCA8A94DB3C}.Debug|x86.Build.0 = Debug|iPhone
		{C7663CBE-5D93-415A-823C-AFCA8A94DB3C}.Debug|x86.Deploy.0 = Debug|iPhone
		{C7663CBE-5D93-415A-823C-AFCA8A94DB3C}.Release|Any CPU.ActiveCfg = Release|iPhone
		{C7663CBE-5D93-415A-823C-AFCA8A94DB3C}.Release|Any CPU.Build.0 = Release|iPhone
		{C7663CBE-5D93-415A-823C-AFCA8A94DB3C}.Release|Any CPU.Deploy.0 = Release|iPhone
		{C7663CBE-5D93-415A-823C-AFCA8A94DB3C}.Release|ARM.ActiveCfg = Release|iPhone
		{C7663CBE-5D93-415A-823C-AFCA8A94DB3C}.Release|ARM.Build.0 = Release|iPhone
		{C7663CBE-5D93-415A-823C-AFCA8A94DB3C}.Release|ARM.Deploy.0 = Release|iPhone
		{C7663CBE-5D93-415A-823C-AFCA8A94DB3C}.Release|iPhone.ActiveCfg = Release|iPhone
		{C7663CBE-5D93-415A-823C-AFCA8A94DB3C}.Release|iPhone.Build.0 = Release|iPhone
		{C7663CBE-5D93-415A-823C-AFCA8A94DB3C}.Release|iPhone.Deploy.0 = Release|iPhone
		{C7663CBE-5D93-415A-823C-AFCA8A94DB3C}.Release|iPhoneSimulator.ActiveCfg = Release|iPhoneSimulator
		{C7663CBE-5D93-415A-823C-AFCA8A94DB3C}.Release|iPhoneSimulator.Build.0 = Release|iPhoneSimulator
		{C7663CBE-5D93-415A-823C-AFCA8A94DB3C}.Release|iPhoneSimulator.Deploy.0 = Release|iPhoneSimulator
		{C7663CBE-5D93-415A-823C-AFCA8A94DB3C}.Release|x64.ActiveCfg = Release|iPhone
		{C7663CBE-5D93-415A-823C-AFCA8A94DB3C}.Release|x64.Build.0 = Release|iPhone
		{C7663CBE-5D93-415A-823C-AFCA8A94DB3C}.Release|x64.Deploy.0 = Release|iPhone
		{C7663CBE-5D93-415A-823C-AFCA8A94DB3C}.Release|x86.ActiveCfg = Release|iPhone
		{C7663CBE-5D93-415A-823C-AFCA8A94DB3C}.Release|x86.Build.0 = Release|iPhone
		{C7663CBE-5D93-415A-823C-AFCA8A94DB3C}.Release|x86.Deploy.0 = Release|iPhone
		{7F8D9A9F-A4EF-4EA1-B258-AACC678E7A84}.Debug|Any CPU.ActiveCfg = Debug|Any CPU
		{7F8D9A9F-A4EF-4EA1-B258-AACC678E7A84}.Debug|Any CPU.Build.0 = Debug|Any CPU
		{7F8D9A9F-A4EF-4EA1-B258-AACC678E7A84}.Debug|Any CPU.Deploy.0 = Debug|Any CPU
		{7F8D9A9F-A4EF-4EA1-B258-AACC678E7A84}.Debug|ARM.ActiveCfg = Debug|Any CPU
		{7F8D9A9F-A4EF-4EA1-B258-AACC678E7A84}.Debug|ARM.Build.0 = Debug|Any CPU
		{7F8D9A9F-A4EF-4EA1-B258-AACC678E7A84}.Debug|ARM.Deploy.0 = Debug|Any CPU
		{7F8D9A9F-A4EF-4EA1-B258-AACC678E7A84}.Debug|iPhone.ActiveCfg = Debug|Any CPU
		{7F8D9A9F-A4EF-4EA1-B258-AACC678E7A84}.Debug|iPhone.Build.0 = Debug|Any CPU
		{7F8D9A9F-A4EF-4EA1-B258-AACC678E7A84}.Debug|iPhone.Deploy.0 = Debug|Any CPU
		{7F8D9A9F-A4EF-4EA1-B258-AACC678E7A84}.Debug|iPhoneSimulator.ActiveCfg = Debug|Any CPU
		{7F8D9A9F-A4EF-4EA1-B258-AACC678E7A84}.Debug|iPhoneSimulator.Build.0 = Debug|Any CPU
		{7F8D9A9F-A4EF-4EA1-B258-AACC678E7A84}.Debug|iPhoneSimulator.Deploy.0 = Debug|Any CPU
		{7F8D9A9F-A4EF-4EA1-B258-AACC678E7A84}.Debug|x64.ActiveCfg = Debug|Any CPU
		{7F8D9A9F-A4EF-4EA1-B258-AACC678E7A84}.Debug|x64.Build.0 = Debug|Any CPU
		{7F8D9A9F-A4EF-4EA1-B258-AACC678E7A84}.Debug|x64.Deploy.0 = Debug|Any CPU
		{7F8D9A9F-A4EF-4EA1-B258-AACC678E7A84}.Debug|x86.ActiveCfg = Debug|Any CPU
		{7F8D9A9F-A4EF-4EA1-B258-AACC678E7A84}.Debug|x86.Build.0 = Debug|Any CPU
		{7F8D9A9F-A4EF-4EA1-B258-AACC678E7A84}.Debug|x86.Deploy.0 = Debug|Any CPU
		{7F8D9A9F-A4EF-4EA1-B258-AACC678E7A84}.Release|Any CPU.ActiveCfg = Release|Any CPU
		{7F8D9A9F-A4EF-4EA1-B258-AACC678E7A84}.Release|Any CPU.Build.0 = Release|Any CPU
		{7F8D9A9F-A4EF-4EA1-B258-AACC678E7A84}.Release|Any CPU.Deploy.0 = Release|Any CPU
		{7F8D9A9F-A4EF-4EA1-B258-AACC678E7A84}.Release|ARM.ActiveCfg = Release|Any CPU
		{7F8D9A9F-A4EF-4EA1-B258-AACC678E7A84}.Release|ARM.Build.0 = Release|Any CPU
		{7F8D9A9F-A4EF-4EA1-B258-AACC678E7A84}.Release|ARM.Deploy.0 = Release|Any CPU
		{7F8D9A9F-A4EF-4EA1-B258-AACC678E7A84}.Release|iPhone.ActiveCfg = Release|Any CPU
		{7F8D9A9F-A4EF-4EA1-B258-AACC678E7A84}.Release|iPhone.Build.0 = Release|Any CPU
		{7F8D9A9F-A4EF-4EA1-B258-AACC678E7A84}.Release|iPhone.Deploy.0 = Release|Any CPU
		{7F8D9A9F-A4EF-4EA1-B258-AACC678E7A84}.Release|iPhoneSimulator.ActiveCfg = Release|Any CPU
		{7F8D9A9F-A4EF-4EA1-B258-AACC678E7A84}.Release|iPhoneSimulator.Build.0 = Release|Any CPU
		{7F8D9A9F-A4EF-4EA1-B258-AACC678E7A84}.Release|iPhoneSimulator.Deploy.0 = Release|Any CPU
		{7F8D9A9F-A4EF-4EA1-B258-AACC678E7A84}.Release|x64.ActiveCfg = Release|Any CPU
		{7F8D9A9F-A4EF-4EA1-B258-AACC678E7A84}.Release|x64.Build.0 = Release|Any CPU
		{7F8D9A9F-A4EF-4EA1-B258-AACC678E7A84}.Release|x64.Deploy.0 = Release|Any CPU
		{7F8D9A9F-A4EF-4EA1-B258-AACC678E7A84}.Release|x86.ActiveCfg = Release|Any CPU
		{7F8D9A9F-A4EF-4EA1-B258-AACC678E7A84}.Release|x86.Build.0 = Release|Any CPU
		{7F8D9A9F-A4EF-4EA1-B258-AACC678E7A84}.Release|x86.Deploy.0 = Release|Any CPU
	EndGlobalSection
	GlobalSection(SolutionProperties) = preSolution
		HideSolutionNode = FALSE
	EndGlobalSection
	GlobalSection(ExtensibilityGlobals) = postSolution
		SolutionGuid = {FABF01E9-4DF7-4FDA-913C-A52601EAFCA0}
	EndGlobalSection
EndGlobal
